
Microsoft Visual Studio Solution File, Format Version 12.00
# Visual Studio 15
VisualStudioVersion = 15.0.27703.2026
MinimumVisualStudioVersion = 10.0.40219.1
Project("{A07B5EB6-E848-4116-A8D0-A826331D98C6}") = "ServiceFabricApplication", "ServiceFabricApplication\ServiceFabricApplication.sfproj", "{C5D13EBC-1B54-45CA-B8A9-A834A0D5182E}"
EndProject
Project("{9A19103F-16F7-4668-BE54-9A1E7A4F7556}") = "ServiceA", "ServiceA\ServiceA.csproj", "{E91C1067-66D6-4BF5-916C-1F89474777DB}"
EndProject
Project("{9A19103F-16F7-4668-BE54-9A1E7A4F7556}") = "Gateway", "Gateway\Gateway.csproj", "{91B219FE-609B-49FC-A602-700FE2B7E04E}"
EndProject
Project("{FAE04EC0-301F-11D3-BF4B-00C04F79EFBC}") = "ServiceB", "ServiceB\ServiceB.csproj", "{B45E3CD2-1719-431F-AE1E-F61D25B243B3}"
EndProject
Project("{9A19103F-16F7-4668-BE54-9A1E7A4F7556}") = "ServiceOAuth", "ServiceOAuth\ServiceOAuth.csproj", "{BD844F79-11EA-4B3C-9CCD-410636DB14FD}"
EndProject
Project("{2150E333-8FDC-42A3-9474-1A3956D46DE8}") = "01 - Frontend (Sencha ExtJS)", "01 - Frontend (Sencha ExtJS)", "{A8F68C5B-E2B3-4583-9626-527380E1C0C2}"
EndProject
Project("{2150E333-8FDC-42A3-9474-1A3956D46DE8}") = "02 - Gateway (Ocelot)", "02 - Gateway (Ocelot)", "{67933044-BB23-4704-BC66-9D7DF6DB2992}"
EndProject
Project("{2150E333-8FDC-42A3-9474-1A3956D46DE8}") = "03 - Microservices", "03 - Microservices", "{B94E9FF1-5311-495B-A978-7B5A2988CD6E}"
EndProject
Project("{2150E333-8FDC-42A3-9474-1A3956D46DE8}") = "00.B - Identity Server 4", "00.B - Identity Server 4", "{2D468CAA-14DA-482F-8334-172707DF50CA}"
EndProject
Project("{2150E333-8FDC-42A3-9474-1A3956D46DE8}") = "00.A - Service Fabric Application", "00.A - Service Fabric Application", "{BE9D012B-B407-4DC8-95A3-F46FB8E93083}"
EndProject
Project("{FAE04EC0-301F-11D3-BF4B-00C04F79EFBC}") = "Frontend", "Frontend\Frontend.csproj", "{E1DFDBFC-7548-4113-8858-D317CDD58DA1}"
EndProject
Project("{2150E333-8FDC-42A3-9474-1A3956D46DE8}") = "Solution Items", "Solution Items", "{7F961988-5223-41E3-A1A3-5FE261125E6F}"
	ProjectSection(SolutionItems) = preProject
		.gitattributes = .gitattributes
		.gitignore = .gitignore
		README.md = README.md
	EndProjectSection
EndProject
Project("{2150E333-8FDC-42A3-9474-1A3956D46DE8}") = "01 - ServiceA", "01 - ServiceA", "{F4448B6B-14FF-4732-9D3B-50EAB89BF39E}"
EndProject
Project("{2150E333-8FDC-42A3-9474-1A3956D46DE8}") = "02 - ServiceB", "02 - ServiceB", "{891477DB-0C92-48A6-A196-BA281CB1FAC2}"
EndProject
Project("{2150E333-8FDC-42A3-9474-1A3956D46DE8}") = "03 - ServiceC", "03 - ServiceC", "{C612F7EA-42F4-4B1F-AB2C-AFFDD37A3294}"
EndProject
Project("{9092AA53-FB77-4645-B42D-1CCCA6BD08BD}") = "ServiceC", "ServiceC\ServiceC.njsproj", "{B4DDB39E-6EC0-410B-BA02-A75FC56011B8}"
EndProject
Global
	GlobalSection(SolutionConfigurationPlatforms) = preSolution
		Debug|Any CPU = Debug|Any CPU
		Debug|x64 = Debug|x64
		Release|Any CPU = Release|Any CPU
		Release|x64 = Release|x64
	EndGlobalSection
	GlobalSection(ProjectConfigurationPlatforms) = postSolution
		{C5D13EBC-1B54-45CA-B8A9-A834A0D5182E}.Debug|Any CPU.ActiveCfg = Debug|x64
		{C5D13EBC-1B54-45CA-B8A9-A834A0D5182E}.Debug|Any CPU.Build.0 = Debug|x64
		{C5D13EBC-1B54-45CA-B8A9-A834A0D5182E}.Debug|Any CPU.Deploy.0 = Debug|x64
		{C5D13EBC-1B54-45CA-B8A9-A834A0D5182E}.Debug|x64.ActiveCfg = Debug|x64
		{C5D13EBC-1B54-45CA-B8A9-A834A0D5182E}.Debug|x64.Build.0 = Debug|x64
		{C5D13EBC-1B54-45CA-B8A9-A834A0D5182E}.Debug|x64.Deploy.0 = Debug|x64
		{C5D13EBC-1B54-45CA-B8A9-A834A0D5182E}.Release|Any CPU.ActiveCfg = Release|x64
		{C5D13EBC-1B54-45CA-B8A9-A834A0D5182E}.Release|x64.ActiveCfg = Release|x64
		{C5D13EBC-1B54-45CA-B8A9-A834A0D5182E}.Release|x64.Build.0 = Release|x64
		{C5D13EBC-1B54-45CA-B8A9-A834A0D5182E}.Release|x64.Deploy.0 = Release|x64
		{E91C1067-66D6-4BF5-916C-1F89474777DB}.Debug|Any CPU.ActiveCfg = Debug|Any CPU
		{E91C1067-66D6-4BF5-916C-1F89474777DB}.Debug|Any CPU.Build.0 = Debug|Any CPU
		{E91C1067-66D6-4BF5-916C-1F89474777DB}.Debug|x64.ActiveCfg = Debug|Any CPU
		{E91C1067-66D6-4BF5-916C-1F89474777DB}.Debug|x64.Build.0 = Debug|Any CPU
		{E91C1067-66D6-4BF5-916C-1F89474777DB}.Release|Any CPU.ActiveCfg = Release|Any CPU
		{E91C1067-66D6-4BF5-916C-1F89474777DB}.Release|Any CPU.Build.0 = Release|Any CPU
		{E91C1067-66D6-4BF5-916C-1F89474777DB}.Release|x64.ActiveCfg = Release|Any CPU
		{E91C1067-66D6-4BF5-916C-1F89474777DB}.Release|x64.Build.0 = Release|Any CPU
		{91B219FE-609B-49FC-A602-700FE2B7E04E}.Debug|Any CPU.ActiveCfg = Debug|Any CPU
		{91B219FE-609B-49FC-A602-700FE2B7E04E}.Debug|Any CPU.Build.0 = Debug|Any CPU
		{91B219FE-609B-49FC-A602-700FE2B7E04E}.Debug|x64.ActiveCfg = Debug|Any CPU
		{91B219FE-609B-49FC-A602-700FE2B7E04E}.Debug|x64.Build.0 = Debug|Any CPU
		{91B219FE-609B-49FC-A602-700FE2B7E04E}.Release|Any CPU.ActiveCfg = Release|Any CPU
		{91B219FE-609B-49FC-A602-700FE2B7E04E}.Release|Any CPU.Build.0 = Release|Any CPU
		{91B219FE-609B-49FC-A602-700FE2B7E04E}.Release|x64.ActiveCfg = Release|Any CPU
		{91B219FE-609B-49FC-A602-700FE2B7E04E}.Release|x64.Build.0 = Release|Any CPU
		{B45E3CD2-1719-431F-AE1E-F61D25B243B3}.Debug|Any CPU.ActiveCfg = Debug|Any CPU
		{B45E3CD2-1719-431F-AE1E-F61D25B243B3}.Debug|Any CPU.Build.0 = Debug|Any CPU
		{B45E3CD2-1719-431F-AE1E-F61D25B243B3}.Debug|x64.ActiveCfg = Debug|Any CPU
		{B45E3CD2-1719-431F-AE1E-F61D25B243B3}.Debug|x64.Build.0 = Debug|Any CPU
		{B45E3CD2-1719-431F-AE1E-F61D25B243B3}.Release|Any CPU.ActiveCfg = Release|Any CPU
		{B45E3CD2-1719-431F-AE1E-F61D25B243B3}.Release|Any CPU.Build.0 = Release|Any CPU
		{B45E3CD2-1719-431F-AE1E-F61D25B243B3}.Release|x64.ActiveCfg = Release|Any CPU
		{B45E3CD2-1719-431F-AE1E-F61D25B243B3}.Release|x64.Build.0 = Release|Any CPU
		{BD844F79-11EA-4B3C-9CCD-410636DB14FD}.Debug|Any CPU.ActiveCfg = Debug|Any CPU
		{BD844F79-11EA-4B3C-9CCD-410636DB14FD}.Debug|Any CPU.Build.0 = Debug|Any CPU
		{BD844F79-11EA-4B3C-9CCD-410636DB14FD}.Debug|x64.ActiveCfg = Debug|Any CPU
		{BD844F79-11EA-4B3C-9CCD-410636DB14FD}.Debug|x64.Build.0 = Debug|Any CPU
		{BD844F79-11EA-4B3C-9CCD-410636DB14FD}.Release|Any CPU.ActiveCfg = Release|Any CPU
		{BD844F79-11EA-4B3C-9CCD-410636DB14FD}.Release|Any CPU.Build.0 = Release|Any CPU
		{BD844F79-11EA-4B3C-9CCD-410636DB14FD}.Release|x64.ActiveCfg = Release|Any CPU
		{BD844F79-11EA-4B3C-9CCD-410636DB14FD}.Release|x64.Build.0 = Release|Any CPU
		{E1DFDBFC-7548-4113-8858-D317CDD58DA1}.Debug|Any CPU.ActiveCfg = Debug|Any CPU
		{E1DFDBFC-7548-4113-8858-D317CDD58DA1}.Debug|Any CPU.Build.0 = Debug|Any CPU
		{E1DFDBFC-7548-4113-8858-D317CDD58DA1}.Debug|x64.ActiveCfg = Debug|Any CPU
		{E1DFDBFC-7548-4113-8858-D317CDD58DA1}.Debug|x64.Build.0 = Debug|Any CPU
		{E1DFDBFC-7548-4113-8858-D317CDD58DA1}.Release|Any CPU.ActiveCfg = Release|Any CPU
		{E1DFDBFC-7548-4113-8858-D317CDD58DA1}.Release|Any CPU.Build.0 = Release|Any CPU
		{E1DFDBFC-7548-4113-8858-D317CDD58DA1}.Release|x64.ActiveCfg = Release|Any CPU
		{E1DFDBFC-7548-4113-8858-D317CDD58DA1}.Release|x64.Build.0 = Release|Any CPU
		{B4DDB39E-6EC0-410B-BA02-A75FC56011B8}.Debug|Any CPU.ActiveCfg = Debug|Any CPU
		{B4DDB39E-6EC0-410B-BA02-A75FC56011B8}.Debug|Any CPU.Build.0 = Debug|Any CPU
		{B4DDB39E-6EC0-410B-BA02-A75FC56011B8}.Debug|x64.ActiveCfg = Debug|Any CPU
		{B4DDB39E-6EC0-410B-BA02-A75FC56011B8}.Debug|x64.Build.0 = Debug|Any CPU
		{B4DDB39E-6EC0-410B-BA02-A75FC56011B8}.Release|Any CPU.ActiveCfg = Release|Any CPU
		{B4DDB39E-6EC0-410B-BA02-A75FC56011B8}.Release|Any CPU.Build.0 = Release|Any CPU
		{B4DDB39E-6EC0-410B-BA02-A75FC56011B8}.Release|x64.ActiveCfg = Release|Any CPU
		{B4DDB39E-6EC0-410B-BA02-A75FC56011B8}.Release|x64.Build.0 = Release|Any CPU
	EndGlobalSection
	GlobalSection(SolutionProperties) = preSolution
		HideSolutionNode = FALSE
	EndGlobalSection
	GlobalSection(NestedProjects) = preSolution
		{C5D13EBC-1B54-45CA-B8A9-A834A0D5182E} = {BE9D012B-B407-4DC8-95A3-F46FB8E93083}
		{E91C1067-66D6-4BF5-916C-1F89474777DB} = {F4448B6B-14FF-4732-9D3B-50EAB89BF39E}
		{91B219FE-609B-49FC-A602-700FE2B7E04E} = {67933044-BB23-4704-BC66-9D7DF6DB2992}
		{B45E3CD2-1719-431F-AE1E-F61D25B243B3} = {891477DB-0C92-48A6-A196-BA281CB1FAC2}
		{BD844F79-11EA-4B3C-9CCD-410636DB14FD} = {2D468CAA-14DA-482F-8334-172707DF50CA}
		{E1DFDBFC-7548-4113-8858-D317CDD58DA1} = {A8F68C5B-E2B3-4583-9626-527380E1C0C2}
		{F4448B6B-14FF-4732-9D3B-50EAB89BF39E} = {B94E9FF1-5311-495B-A978-7B5A2988CD6E}
		{891477DB-0C92-48A6-A196-BA281CB1FAC2} = {B94E9FF1-5311-495B-A978-7B5A2988CD6E}
		{C612F7EA-42F4-4B1F-AB2C-AFFDD37A3294} = {B94E9FF1-5311-495B-A978-7B5A2988CD6E}
		{B4DDB39E-6EC0-410B-BA02-A75FC56011B8} = {C612F7EA-42F4-4B1F-AB2C-AFFDD37A3294}
	EndGlobalSection
	GlobalSection(ExtensibilityGlobals) = postSolution
		SolutionGuid = {C9C75A3B-83BA-4A98-9A9E-0DD543CC9F61}
	EndGlobalSection
EndGlobal
